// !$*UTF8*$!
{
	archiveVersion = 1;
	classes = {
	};
	objectVersion = 50;
	objects = {

/* Begin PBXBuildFile section */
		0DC75A592178D375003DF6BF /* SavedUsersTableViewController.swift in Sources */ = {isa = PBXBuildFile; fileRef = 0DC75A582178D375003DF6BF /* SavedUsersTableViewController.swift */; };
		0DC75A5F2178D540003DF6BF /* UserTableViewCell.xib in Resources */ = {isa = PBXBuildFile; fileRef = 0DC75A5D2178D540003DF6BF /* UserTableViewCell.xib */; };
		0DC75A612178DC71003DF6BF /* DetailsViewController.swift in Sources */ = {isa = PBXBuildFile; fileRef = 0DC75A602178DC71003DF6BF /* DetailsViewController.swift */; };
		0DC75A6F217B0B04003DF6BF /* Podfile.lock in Resources */ = {isa = PBXBuildFile; fileRef = 0DC75A6E217B0B04003DF6BF /* Podfile.lock */; };
		0DC75A71217B6083003DF6BF /* StorageService.swift in Sources */ = {isa = PBXBuildFile; fileRef = 0DC75A70217B6083003DF6BF /* StorageService.swift */; };
		0DC75A73217B84BC003DF6BF /* StoredUser.swift in Sources */ = {isa = PBXBuildFile; fileRef = 0DC75A72217B84BC003DF6BF /* StoredUser.swift */; };
		0DC75A75217D2C95003DF6BF /* TabBarViewController.swift in Sources */ = {isa = PBXBuildFile; fileRef = 0DC75A74217D2C95003DF6BF /* TabBarViewController.swift */; };
		1FE015D92177BB4D006CD11F /* AppDelegate.swift in Sources */ = {isa = PBXBuildFile; fileRef = 1FE015D82177BB4D006CD11F /* AppDelegate.swift */; };
		1FE015DE2177BB4D006CD11F /* Main.storyboard in Resources */ = {isa = PBXBuildFile; fileRef = 1FE015DC2177BB4D006CD11F /* Main.storyboard */; };
		1FE015E02177BB4F006CD11F /* Assets.xcassets in Resources */ = {isa = PBXBuildFile; fileRef = 1FE015DF2177BB4F006CD11F /* Assets.xcassets */; };
		1FE015E32177BB4F006CD11F /* LaunchScreen.storyboard in Resources */ = {isa = PBXBuildFile; fileRef = 1FE015E12177BB4F006CD11F /* LaunchScreen.storyboard */; };
		1FE015EC2177BE2C006CD11F /* Podfile in Resources */ = {isa = PBXBuildFile; fileRef = 1FE015EB2177BE2C006CD11F /* Podfile */; };
		1FE015EF2177BF90006CD11F /* NetworkService.swift in Sources */ = {isa = PBXBuildFile; fileRef = 1FE015EE2177BF90006CD11F /* NetworkService.swift */; };
		1FE015F12177C94C006CD11F /* User.swift in Sources */ = {isa = PBXBuildFile; fileRef = 1FE015F02177C94C006CD11F /* User.swift */; };
		1FE015F32177CDED006CD11F /* User+UserFullName.swift in Sources */ = {isa = PBXBuildFile; fileRef = 1FE015F22177CDED006CD11F /* User+UserFullName.swift */; };
		1FE015F52177CE1C006CD11F /* User+UserAvatar.swift in Sources */ = {isa = PBXBuildFile; fileRef = 1FE015F42177CE1C006CD11F /* User+UserAvatar.swift */; };
		1FE015F92177D7FD006CD11F /* Users.swift in Sources */ = {isa = PBXBuildFile; fileRef = 1FE015F82177D7FD006CD11F /* Users.swift */; };
		1FE015FB2177DBB7006CD11F /* UsersTableViewController.swift in Sources */ = {isa = PBXBuildFile; fileRef = 1FE015FA2177DBB7006CD11F /* UsersTableViewController.swift */; };
		1FE016032177EAE9006CD11F /* UserTableViewCell.swift in Sources */ = {isa = PBXBuildFile; fileRef = 1FE016022177EAE8006CD11F /* UserTableViewCell.swift */; };
		5AE31218B1D52E1BA02E02A4 /* Pods_UsersListApp.framework in Frameworks */ = {isa = PBXBuildFile; fileRef = 1EB193809E71A8E177C79850 /* Pods_UsersListApp.framework */; };
/* End PBXBuildFile section */

/* Begin PBXFileReference section */
		0DC75A582178D375003DF6BF /* SavedUsersTableViewController.swift */ = {isa = PBXFileReference; lastKnownFileType = sourcecode.swift; path = SavedUsersTableViewController.swift; sourceTree = "<group>"; };
		0DC75A5D2178D540003DF6BF /* UserTableViewCell.xib */ = {isa = PBXFileReference; lastKnownFileType = file.xib; path = UserTableViewCell.xib; sourceTree = "<group>"; };
		0DC75A602178DC71003DF6BF /* DetailsViewController.swift */ = {isa = PBXFileReference; lastKnownFileType = sourcecode.swift; path = DetailsViewController.swift; sourceTree = "<group>"; };
		0DC75A6E217B0B04003DF6BF /* Podfile.lock */ = {isa = PBXFileReference; fileEncoding = 4; lastKnownFileType = text; path = Podfile.lock; sourceTree = SOURCE_ROOT; };
		0DC75A70217B6083003DF6BF /* StorageService.swift */ = {isa = PBXFileReference; lastKnownFileType = sourcecode.swift; path = StorageService.swift; sourceTree = "<group>"; };
		0DC75A72217B84BC003DF6BF /* StoredUser.swift */ = {isa = PBXFileReference; lastKnownFileType = sourcecode.swift; path = StoredUser.swift; sourceTree = "<group>"; };
		0DC75A74217D2C95003DF6BF /* TabBarViewController.swift */ = {isa = PBXFileReference; lastKnownFileType = sourcecode.swift; path = TabBarViewController.swift; sourceTree = "<group>"; };
		1EB193809E71A8E177C79850 /* Pods_UsersListApp.framework */ = {isa = PBXFileReference; explicitFileType = wrapper.framework; includeInIndex = 0; path = Pods_UsersListApp.framework; sourceTree = BUILT_PRODUCTS_DIR; };
		1FE015D52177BB4D006CD11F /* UsersListApp.app */ = {isa = PBXFileReference; explicitFileType = wrapper.application; includeInIndex = 0; path = UsersListApp.app; sourceTree = BUILT_PRODUCTS_DIR; };
		1FE015D82177BB4D006CD11F /* AppDelegate.swift */ = {isa = PBXFileReference; lastKnownFileType = sourcecode.swift; path = AppDelegate.swift; sourceTree = "<group>"; };
		1FE015DD2177BB4D006CD11F /* Base */ = {isa = PBXFileReference; lastKnownFileType = file.storyboard; name = Base; path = Base.lproj/Main.storyboard; sourceTree = "<group>"; };
		1FE015DF2177BB4F006CD11F /* Assets.xcassets */ = {isa = PBXFileReference; lastKnownFileType = folder.assetcatalog; path = Assets.xcassets; sourceTree = "<group>"; };
		1FE015E22177BB4F006CD11F /* Base */ = {isa = PBXFileReference; lastKnownFileType = file.storyboard; name = Base; path = Base.lproj/LaunchScreen.storyboard; sourceTree = "<group>"; };
		1FE015E42177BB4F006CD11F /* Info.plist */ = {isa = PBXFileReference; lastKnownFileType = text.plist.xml; path = Info.plist; sourceTree = "<group>"; };
		1FE015EB2177BE2C006CD11F /* Podfile */ = {isa = PBXFileReference; fileEncoding = 4; lastKnownFileType = text; path = Podfile; sourceTree = SOURCE_ROOT; xcLanguageSpecificationIdentifier = xcode.lang.ruby; };
		1FE015EE2177BF90006CD11F /* NetworkService.swift */ = {isa = PBXFileReference; lastKnownFileType = sourcecode.swift; path = NetworkService.swift; sourceTree = "<group>"; };
		1FE015F02177C94C006CD11F /* User.swift */ = {isa = PBXFileReference; lastKnownFileType = sourcecode.swift; path = User.swift; sourceTree = "<group>"; };
		1FE015F22177CDED006CD11F /* User+UserFullName.swift */ = {isa = PBXFileReference; lastKnownFileType = sourcecode.swift; path = "User+UserFullName.swift"; sourceTree = "<group>"; };
		1FE015F42177CE1C006CD11F /* User+UserAvatar.swift */ = {isa = PBXFileReference; lastKnownFileType = sourcecode.swift; path = "User+UserAvatar.swift"; sourceTree = "<group>"; };
		1FE015F82177D7FD006CD11F /* Users.swift */ = {isa = PBXFileReference; lastKnownFileType = sourcecode.swift; path = Users.swift; sourceTree = "<group>"; };
		1FE015FA2177DBB7006CD11F /* UsersTableViewController.swift */ = {isa = PBXFileReference; lastKnownFileType = sourcecode.swift; path = UsersTableViewController.swift; sourceTree = "<group>"; };
		1FE016022177EAE8006CD11F /* UserTableViewCell.swift */ = {isa = PBXFileReference; lastKnownFileType = sourcecode.swift; path = UserTableViewCell.swift; sourceTree = "<group>"; };
		3B01D8EA0D9CC96DCB3E5400 /* Pods-UsersListApp.release.xcconfig */ = {isa = PBXFileReference; includeInIndex = 1; lastKnownFileType = text.xcconfig; name = "Pods-UsersListApp.release.xcconfig"; path = "Pods/Target Support Files/Pods-UsersListApp/Pods-UsersListApp.release.xcconfig"; sourceTree = "<group>"; };
		8996627B9B39C5B3ED272B46 /* Pods-UsersListApp.debug.xcconfig */ = {isa = PBXFileReference; includeInIndex = 1; lastKnownFileType = text.xcconfig; name = "Pods-UsersListApp.debug.xcconfig"; path = "Pods/Target Support Files/Pods-UsersListApp/Pods-UsersListApp.debug.xcconfig"; sourceTree = "<group>"; };
/* End PBXFileReference section */

/* Begin PBXFrameworksBuildPhase section */
		1FE015D22177BB4D006CD11F /* Frameworks */ = {
			isa = PBXFrameworksBuildPhase;
			buildActionMask = 2147483647;
			files = (
				5AE31218B1D52E1BA02E02A4 /* Pods_UsersListApp.framework in Frameworks */,
			);
			runOnlyForDeploymentPostprocessing = 0;
		};
/* End PBXFrameworksBuildPhase section */

/* Begin PBXGroup section */
		0DC75A62217A5698003DF6BF /* Models */ = {
			isa = PBXGroup;
			children = (
				1FE015F02177C94C006CD11F /* User.swift */,
				1FE015F22177CDED006CD11F /* User+UserFullName.swift */,
				1FE015F42177CE1C006CD11F /* User+UserAvatar.swift */,
				1FE015F82177D7FD006CD11F /* Users.swift */,
				0DC75A72217B84BC003DF6BF /* StoredUser.swift */,
			);
			path = Models;
			sourceTree = "<group>";
		};
		0DC75A63217A56A6003DF6BF /* Views */ = {
			isa = PBXGroup;
			children = (
				0DC75A67217A57A2003DF6BF /* Storyboards */,
				0DC75A66217A5799003DF6BF /* Xibs */,
			);
			path = Views;
			sourceTree = "<group>";
		};
		0DC75A64217A576D003DF6BF /* Assets */ = {
			isa = PBXGroup;
			children = (
				1FE015DF2177BB4F006CD11F /* Assets.xcassets */,
			);
			path = Assets;
			sourceTree = "<group>";
		};
		0DC75A65217A5788003DF6BF /* Controllers */ = {
			isa = PBXGroup;
			children = (
				1FE015FA2177DBB7006CD11F /* UsersTableViewController.swift */,
				0DC75A582178D375003DF6BF /* SavedUsersTableViewController.swift */,
				1FE016022177EAE8006CD11F /* UserTableViewCell.swift */,
				0DC75A602178DC71003DF6BF /* DetailsViewController.swift */,
				0DC75A74217D2C95003DF6BF /* TabBarViewController.swift */,
			);
			path = Controllers;
			sourceTree = "<group>";
		};
		0DC75A66217A5799003DF6BF /* Xibs */ = {
			isa = PBXGroup;
			children = (
				0DC75A5D2178D540003DF6BF /* UserTableViewCell.xib */,
			);
			path = Xibs;
			sourceTree = "<group>";
		};
		0DC75A67217A57A2003DF6BF /* Storyboards */ = {
			isa = PBXGroup;
			children = (
				1FE015DC2177BB4D006CD11F /* Main.storyboard */,
				1FE015E12177BB4F006CD11F /* LaunchScreen.storyboard */,
			);
			path = Storyboards;
			sourceTree = "<group>";
		};
		1FE015CC2177BB4D006CD11F = {
			isa = PBXGroup;
			children = (
				1FE015D72177BB4D006CD11F /* UsersListApp */,
				1FE015D62177BB4D006CD11F /* Products */,
				8F5E720C2C6794CFFD061B9A /* Pods */,
				DD2BC02BEC53EC26FBA00B7A /* Frameworks */,
			);
			sourceTree = "<group>";
		};
		1FE015D62177BB4D006CD11F /* Products */ = {
			isa = PBXGroup;
			children = (
				1FE015D52177BB4D006CD11F /* UsersListApp.app */,
			);
			name = Products;
			sourceTree = "<group>";
		};
		1FE015D72177BB4D006CD11F /* UsersListApp */ = {
			isa = PBXGroup;
			children = (
				0DC75A64217A576D003DF6BF /* Assets */,
				0DC75A65217A5788003DF6BF /* Controllers */,
				0DC75A62217A5698003DF6BF /* Models */,
				1FE015ED2177BF68006CD11F /* Service */,
				1FE015EA2177BDFD006CD11F /* Support Classes */,
				0DC75A63217A56A6003DF6BF /* Views */,
				1FE015D82177BB4D006CD11F /* AppDelegate.swift */,
			);
			path = UsersListApp;
			sourceTree = "<group>";
		};
		1FE015EA2177BDFD006CD11F /* Support Classes */ = {
			isa = PBXGroup;
			children = (
				0DC75A6E217B0B04003DF6BF /* Podfile.lock */,
				1FE015E42177BB4F006CD11F /* Info.plist */,
				1FE015EB2177BE2C006CD11F /* Podfile */,
			);
			path = "Support Classes";
			sourceTree = "<group>";
		};
		1FE015ED2177BF68006CD11F /* Service */ = {
			isa = PBXGroup;
			children = (
				1FE015EE2177BF90006CD11F /* NetworkService.swift */,
				0DC75A70217B6083003DF6BF /* StorageService.swift */,
			);
			path = Service;
			sourceTree = "<group>";
		};
		8F5E720C2C6794CFFD061B9A /* Pods */ = {
			isa = PBXGroup;
			children = (
				8996627B9B39C5B3ED272B46 /* Pods-UsersListApp.debug.xcconfig */,
				3B01D8EA0D9CC96DCB3E5400 /* Pods-UsersListApp.release.xcconfig */,
			);
			name = Pods;
			sourceTree = "<group>";
		};
		DD2BC02BEC53EC26FBA00B7A /* Frameworks */ = {
			isa = PBXGroup;
			children = (
				1EB193809E71A8E177C79850 /* Pods_UsersListApp.framework */,
			);
			name = Frameworks;
			sourceTree = "<group>";
		};
/* End PBXGroup section */

/* Begin PBXNativeTarget section */
		1FE015D42177BB4D006CD11F /* UsersListApp */ = {
			isa = PBXNativeTarget;
			buildConfigurationList = 1FE015E72177BB4F006CD11F /* Build configuration list for PBXNativeTarget "UsersListApp" */;
			buildPhases = (
				44D0B940E58E7C38BA500713 /* [CP] Check Pods Manifest.lock */,
				1FE015D12177BB4D006CD11F /* Sources */,
				1FE015D22177BB4D006CD11F /* Frameworks */,
				1FE015D32177BB4D006CD11F /* Resources */,
				1AF815CA80547F44B5DBB3F3 /* [CP] Embed Pods Frameworks */,
			);
			buildRules = (
			);
			dependencies = (
			);
			name = UsersListApp;
			productName = UsersListApp;
			productReference = 1FE015D52177BB4D006CD11F /* UsersListApp.app */;
			productType = "com.apple.product-type.application";
		};
/* End PBXNativeTarget section */

/* Begin PBXProject section */
		1FE015CD2177BB4D006CD11F /* Project object */ = {
			isa = PBXProject;
			attributes = {
				LastSwiftUpdateCheck = 1000;
				LastUpgradeCheck = 1000;
				ORGANIZATIONNAME = "Anatolii Zavialov";
				TargetAttributes = {
					1FE015D42177BB4D006CD11F = {
						CreatedOnToolsVersion = 10.0;
					};
				};
			};
			buildConfigurationList = 1FE015D02177BB4D006CD11F /* Build configuration list for PBXProject "UsersListApp" */;
			compatibilityVersion = "Xcode 9.3";
			developmentRegion = en;
			hasScannedForEncodings = 0;
			knownRegions = (
				en,
				Base,
			);
			mainGroup = 1FE015CC2177BB4D006CD11F;
			productRefGroup = 1FE015D62177BB4D006CD11F /* Products */;
			projectDirPath = "";
			projectRoot = "";
			targets = (
				1FE015D42177BB4D006CD11F /* UsersListApp */,
			);
		};
/* End PBXProject section */

/* Begin PBXResourcesBuildPhase section */
		1FE015D32177BB4D006CD11F /* Resources */ = {
			isa = PBXResourcesBuildPhase;
			buildActionMask = 2147483647;
			files = (
				0DC75A6F217B0B04003DF6BF /* Podfile.lock in Resources */,
				1FE015E32177BB4F006CD11F /* LaunchScreen.storyboard in Resources */,
				1FE015E02177BB4F006CD11F /* Assets.xcassets in Resources */,
				1FE015EC2177BE2C006CD11F /* Podfile in Resources */,
				0DC75A5F2178D540003DF6BF /* UserTableViewCell.xib in Resources */,
				1FE015DE2177BB4D006CD11F /* Main.storyboard in Resources */,
			);
			runOnlyForDeploymentPostprocessing = 0;
		};
/* End PBXResourcesBuildPhase section */

/* Begin PBXShellScriptBuildPhase section */
		1AF815CA80547F44B5DBB3F3 /* [CP] Embed Pods Frameworks */ = {
			isa = PBXShellScriptBuildPhase;
			buildActionMask = 2147483647;
			files = (
			);
			inputFileListPaths = (
			);
			inputPaths = (
				"${SRCROOT}/Pods/Target Support Files/Pods-UsersListApp/Pods-UsersListApp-frameworks.sh",
				"${BUILT_PRODUCTS_DIR}/Alamofire/Alamofire.framework",
				"${BUILT_PRODUCTS_DIR}/DZNEmptyDataSet/DZNEmptyDataSet.framework",
				"${BUILT_PRODUCTS_DIR}/Realm/Realm.framework",
				"${BUILT_PRODUCTS_DIR}/RealmSwift/RealmSwift.framework",
				"${BUILT_PRODUCTS_DIR}/SDWebImage/SDWebImage.framework",
				"${BUILT_PRODUCTS_DIR}/VMaskTextField/VMaskTextField.framework",
			);
			name = "[CP] Embed Pods Frameworks";
			outputFileListPaths = (
			);
			outputPaths = (
				"${TARGET_BUILD_DIR}/${FRAMEWORKS_FOLDER_PATH}/Alamofire.framework",
				"${TARGET_BUILD_DIR}/${FRAMEWORKS_FOLDER_PATH}/DZNEmptyDataSet.framework",
				"${TARGET_BUILD_DIR}/${FRAMEWORKS_FOLDER_PATH}/Realm.framework",
				"${TARGET_BUILD_DIR}/${FRAMEWORKS_FOLDER_PATH}/RealmSwift.framework",
				"${TARGET_BUILD_DIR}/${FRAMEWORKS_FOLDER_PATH}/SDWebImage.framework",
				"${TARGET_BUILD_DIR}/${FRAMEWORKS_FOLDER_PATH}/VMaskTextField.framework",
			);
			runOnlyForDeploymentPostprocessing = 0;
			shellPath = /bin/sh;
			shellScript = "\"${SRCROOT}/Pods/Target Support Files/Pods-UsersListApp/Pods-UsersListApp-frameworks.sh\"\n";
			showEnvVarsInLog = 0;
		};
		44D0B940E58E7C38BA500713 /* [CP] Check Pods Manifest.lock */ = {
			isa = PBXShellScriptBuildPhase;
			buildActionMask = 2147483647;
			files = (
			);
			inputFileListPaths = (
			);
			inputPaths = (
				"${PODS_PODFILE_DIR_PATH}/Podfile.lock",
				"${PODS_ROOT}/Manifest.lock",
			);
			name = "[CP] Check Pods Manifest.lock";
			outputFileListPaths = (
			);
			outputPaths = (
				"$(DERIVED_FILE_DIR)/Pods-UsersListApp-checkManifestLockResult.txt",
			);
			runOnlyForDeploymentPostprocessing = 0;
			shellPath = /bin/sh;
			shellScript = "diff \"${PODS_PODFILE_DIR_PATH}/Podfile.lock\" \"${PODS_ROOT}/Manifest.lock\" > /dev/null\nif [ $? != 0 ] ; then\n    # print error to STDERR\n    echo \"error: The sandbox is not in sync with the Podfile.lock. Run 'pod install' or update your CocoaPods installation.\" >&2\n    exit 1\nfi\n# This output is used by Xcode 'outputs' to avoid re-running this script phase.\necho \"SUCCESS\" > \"${SCRIPT_OUTPUT_FILE_0}\"\n";
			showEnvVarsInLog = 0;
		};
/* End PBXShellScriptBuildPhase section */

/* Begin PBXSourcesBuildPhase section */
		1FE015D12177BB4D006CD11F /* Sources */ = {
			isa = PBXSourcesBuildPhase;
			buildActionMask = 2147483647;
			files = (
				1FE015F12177C94C006CD11F /* User.swift in Sources */,
				1FE016032177EAE9006CD11F /* UserTableViewCell.swift in Sources */,
				0DC75A592178D375003DF6BF /* SavedUsersTableViewController.swift in Sources */,
				1FE015F32177CDED006CD11F /* User+UserFullName.swift in Sources */,
				1FE015F92177D7FD006CD11F /* Users.swift in Sources */,
				1FE015FB2177DBB7006CD11F /* UsersTableViewController.swift in Sources */,
				1FE015EF2177BF90006CD11F /* NetworkService.swift in Sources */,
				0DC75A73217B84BC003DF6BF /* StoredUser.swift in Sources */,
				1FE015F52177CE1C006CD11F /* User+UserAvatar.swift in Sources */,
				1FE015D92177BB4D006CD11F /* AppDelegate.swift in Sources */,
				0DC75A75217D2C95003DF6BF /* TabBarViewController.swift in Sources */,
				0DC75A71217B6083003DF6BF /* StorageService.swift in Sources */,
				0DC75A612178DC71003DF6BF /* DetailsViewController.swift in Sources */,
			);
			runOnlyForDeploymentPostprocessing = 0;
		};
/* End PBXSourcesBuildPhase section */

/* Begin PBXVariantGroup section */
		1FE015DC2177BB4D006CD11F /* Main.storyboard */ = {
			isa = PBXVariantGroup;
			children = (
				1FE015DD2177BB4D006CD11F /* Base */,
			);
			name = Main.storyboard;
			sourceTree = "<group>";
		};
		1FE015E12177BB4F006CD11F /* LaunchScreen.storyboard */ = {
			isa = PBXVariantGroup;
			children = (
				1FE015E22177BB4F006CD11F /* Base */,
			);
			name = LaunchScreen.storyboard;
			sourceTree = "<group>";
		};
/* End PBXVariantGroup section */

/* Begin XCBuildConfiguration section */
		1FE015E52177BB4F006CD11F /* Debug */ = {
			isa = XCBuildConfiguration;
			buildSettings = {
				ALWAYS_SEARCH_USER_PATHS = NO;
				CLANG_ANALYZER_NONNULL = YES;
				CLANG_ANALYZER_NUMBER_OBJECT_CONVERSION = YES_AGGRESSIVE;
				CLANG_CXX_LANGUAGE_STANDARD = "gnu++14";
				CLANG_CXX_LIBRARY = "libc++";
				CLANG_ENABLE_MODULES = YES;
				CLANG_ENABLE_OBJC_ARC = YES;
				CLANG_ENABLE_OBJC_WEAK = YES;
				CLANG_WARN_BLOCK_CAPTURE_AUTORELEASING = YES;
				CLANG_WARN_BOOL_CONVERSION = YES;
				CLANG_WARN_COMMA = YES;
				CLANG_WARN_CONSTANT_CONVERSION = YES;
				CLANG_WARN_DEPRECATED_OBJC_IMPLEMENTATIONS = YES;
				CLANG_WARN_DIRECT_OBJC_ISA_USAGE = YES_ERROR;
				CLANG_WARN_DOCUMENTATION_COMMENTS = YES;
				CLANG_WARN_EMPTY_BODY = YES;
				CLANG_WARN_ENUM_CONVERSION = YES;
				CLANG_WARN_INFINITE_RECURSION = YES;
				CLANG_WARN_INT_CONVERSION = YES;
				CLANG_WARN_NON_LITERAL_NULL_CONVERSION = YES;
				CLANG_WARN_OBJC_IMPLICIT_RETAIN_SELF = YES;
				CLANG_WARN_OBJC_LITERAL_CONVERSION = YES;
				CLANG_WARN_OBJC_ROOT_CLASS = YES_ERROR;
				CLANG_WARN_RANGE_LOOP_ANALYSIS = YES;
				CLANG_WARN_STRICT_PROTOTYPES = YES;
				CLANG_WARN_SUSPICIOUS_MOVE = YES;
				CLANG_WARN_UNGUARDED_AVAILABILITY = YES_AGGRESSIVE;
				CLANG_WARN_UNREACHABLE_CODE = YES;
				CLANG_WARN__DUPLICATE_METHOD_MATCH = YES;
				CODE_SIGN_IDENTITY = "iPhone Developer";
				COPY_PHASE_STRIP = NO;
				DEBUG_INFORMATION_FORMAT = dwarf;
				ENABLE_STRICT_OBJC_MSGSEND = YES;
				ENABLE_TESTABILITY = YES;
				GCC_C_LANGUAGE_STANDARD = gnu11;
				GCC_DYNAMIC_NO_PIC = NO;
				GCC_NO_COMMON_BLOCKS = YES;
				GCC_OPTIMIZATION_LEVEL = 0;
				GCC_PREPROCESSOR_DEFINITIONS = (
					"DEBUG=1",
					"$(inherited)",
				);
				GCC_WARN_64_TO_32_BIT_CONVERSION = YES;
				GCC_WARN_ABOUT_RETURN_TYPE = YES_ERROR;
				GCC_WARN_UNDECLARED_SELECTOR = YES;
				GCC_WARN_UNINITIALIZED_AUTOS = YES_AGGRESSIVE;
				GCC_WARN_UNUSED_FUNCTION = YES;
				GCC_WARN_UNUSED_VARIABLE = YES;
				IPHONEOS_DEPLOYMENT_TARGET = 12.0;
				MTL_ENABLE_DEBUG_INFO = INCLUDE_SOURCE;
				MTL_FAST_MATH = YES;
				ONLY_ACTIVE_ARCH = YES;
				SDKROOT = iphoneos;
				SWIFT_ACTIVE_COMPILATION_CONDITIONS = DEBUG;
				SWIFT_OPTIMIZATION_LEVEL = "-Onone";
			};
			name = Debug;
		};
		1FE015E62177BB4F006CD11F /* Release */ = {
			isa = XCBuildConfiguration;
			buildSettings = {
				ALWAYS_SEARCH_USER_PATHS = NO;
				CLANG_ANALYZER_NONNULL = YES;
				CLANG_ANALYZER_NUMBER_OBJECT_CONVERSION = YES_AGGRESSIVE;
				CLANG_CXX_LANGUAGE_STANDARD = "gnu++14";
				CLANG_CXX_LIBRARY = "libc++";
				CLANG_ENABLE_MODULES = YES;
				CLANG_ENABLE_OBJC_ARC = YES;
				CLANG_ENABLE_OBJC_WEAK = YES;
				CLANG_WARN_BLOCK_CAPTURE_AUTORELEASING = YES;
				CLANG_WARN_BOOL_CONVERSION = YES;
				CLANG_WARN_COMMA = YES;
				CLANG_WARN_CONSTANT_CONVERSION = YES;
				CLANG_WARN_DEPRECATED_OBJC_IMPLEMENTATIONS = YES;
				CLANG_WARN_DIRECT_OBJC_ISA_USAGE = YES_ERROR;
				CLANG_WARN_DOCUMENTATION_COMMENTS = YES;
				CLANG_WARN_EMPTY_BODY = YES;
				CLANG_WARN_ENUM_CONVERSION = YES;
				CLANG_WARN_INFINITE_RECURSION = YES;
				CLANG_WARN_INT_CONVERSION = YES;
				CLANG_WARN_NON_LITERAL_NULL_CONVERSION = YES;
				CLANG_WARN_OBJC_IMPLICIT_RETAIN_SELF = YES;
				CLANG_WARN_OBJC_LITERAL_CONVERSION = YES;
				CLANG_WARN_OBJC_ROOT_CLASS = YES_ERROR;
				CLANG_WARN_RANGE_LOOP_ANALYSIS = YES;
				CLANG_WARN_STRICT_PROTOTYPES = YES;
				CLANG_WARN_SUSPICIOUS_MOVE = YES;
				CLANG_WARN_UNGUARDED_AVAILABILITY = YES_AGGRESSIVE;
				CLANG_WARN_UNREACHABLE_CODE = YES;
				CLANG_WARN__DUPLICATE_METHOD_MATCH = YES;
				CODE_SIGN_IDENTITY = "iPhone Developer";
				COPY_PHASE_STRIP = NO;
				DEBUG_INFORMATION_FORMAT = "dwarf-with-dsym";
				ENABLE_NS_ASSERTIONS = NO;
				ENABLE_STRICT_OBJC_MSGSEND = YES;
				GCC_C_LANGUAGE_STANDARD = gnu11;
				GCC_NO_COMMON_BLOCKS = YES;
				GCC_WARN_64_TO_32_BIT_CONVERSION = YES;
				GCC_WARN_ABOUT_RETURN_TYPE = YES_ERROR;
				GCC_WARN_UNDECLARED_SELECTOR = YES;
				GCC_WARN_UNINITIALIZED_AUTOS = YES_AGGRESSIVE;
				GCC_WARN_UNUSED_FUNCTION = YES;
				GCC_WARN_UNUSED_VARIABLE = YES;
				IPHONEOS_DEPLOYMENT_TARGET = 12.0;
				MTL_ENABLE_DEBUG_INFO = NO;
				MTL_FAST_MATH = YES;
				SDKROOT = iphoneos;
				SWIFT_COMPILATION_MODE = wholemodule;
				SWIFT_OPTIMIZATION_LEVEL = "-O";
				VALIDATE_PRODUCT = YES;
			};
			name = Release;
		};
		1FE015E82177BB4F006CD11F /* Debug */ = {
			isa = XCBuildConfiguration;
			baseConfigurationReference = 8996627B9B39C5B3ED272B46 /* Pods-UsersListApp.debug.xcconfig */;
			buildSettings = {
				ASSETCATALOG_COMPILER_APPICON_NAME = AppIcon;
				CODE_SIGN_STYLE = Automatic;
				DEVELOPMENT_TEAM = 3R4379KLS7;
				INFOPLIST_FILE = "$(SRCROOT)/UsersListApp/Support Classes/Info.plist";
				IPHONEOS_DEPLOYMENT_TARGET = 11.0;
				LD_RUNPATH_SEARCH_PATHS = (
					"$(inherited)",
					"@executable_path/Frameworks",
				);
				PRODUCT_BUNDLE_IDENTIFIER = com.anatolii.userslist;
				PRODUCT_NAME = "$(TARGET_NAME)";
				SWIFT_VERSION = 5.0;
				TARGETED_DEVICE_FAMILY = 1;
			};
			name = Debug;
		};
		1FE015E92177BB4F006CD11F /* Release */ = {
			isa = XCBuildConfiguration;
			baseConfigurationReference = 3B01D8EA0D9CC96DCB3E5400 /* Pods-UsersListApp.release.xcconfig */;
			buildSettings = {
				ASSETCATALOG_COMPILER_APPICON_NAME = AppIcon;
				CODE_SIGN_STYLE = Automatic;
				DEVELOPMENT_TEAM = 3R4379KLS7;
				INFOPLIST_FILE = "$(SRCROOT)/UsersListApp/Support Classes/Info.plist";
				IPHONEOS_DEPLOYMENT_TARGET = 11.0;
				LD_RUNPATH_SEARCH_PATHS = (
					"$(inherited)",
					"@executable_path/Frameworks",
				);
				PRODUCT_BUNDLE_IDENTIFIER = com.anatolii.userslist;
				PRODUCT_NAME = "$(TARGET_NAME)";
				SWIFT_VERSION = 5.0;
				TARGETED_DEVICE_FAMILY = 1;
			};
			name = Release;
		};
/* End XCBuildConfiguration section */

/* Begin XCConfigurationList section */
		1FE015D02177BB4D006CD11F /* Build configuration list for PBXProject "UsersListApp" */ = {
			isa = XCConfigurationList;
			buildConfigurations = (
				1FE015E52177BB4F006CD11F /* Debug */,
				1FE015E62177BB4F006CD11F /* Release */,
			);
			defaultConfigurationIsVisible = 0;
			defaultConfigurationName = Release;
		};
		1FE015E72177BB4F006CD11F /* Build configuration list for PBXNativeTarget "UsersListApp" */ = {
			isa = XCConfigurationList;
			buildConfigurations = (
				1FE015E82177BB4F006CD11F /* Debug */,
				1FE015E92177BB4F006CD11F /* Release */,
			);
			defaultConfigurationIsVisible = 0;
			defaultConfigurationName = Release;
		};
/* End XCConfigurationList section */
	};
	rootObject = 1FE015CD2177BB4D006CD11F /* Project object */;
}
